{
  "name": "queziafiladelfo.github.io",
  "lockfileVersion": 3,
  "requires": true,
  "packages": {
    "": {
      "devDependencies": {
        "@fontsource/ia-writer-mono": "^5.0.11"
      }
    },
    "node_modules/@fontsource/ia-writer-mono": {
      "version": "5.0.11",
      "resolved": "https://registry.npmjs.org/@fontsource/ia-writer-mono/-/ia-writer-mono-5.0.11.tgz",
      "integrity": "sha512-mzdW6hOHgCVLmkbONZqsmjBVIJXGO4bxnaF/xIbkJ7Lky/FvXGh5/eKMN4S9Azg9+FmbTpA/SgOlGqMrIbuFjQ==",
      "dev": true
    }
  }
}
